
Microsoft Visual Studio Solution File, Format Version 11.00
# Visual Studio 2010
Project("{FAE04EC0-301F-11D3-BF4B-00C04F79EFBC}") = "Windsor", "Windsor\Windsor.csproj", "{C9762C88-1DD4-4B10-95D4-0ACDF1819CFD}"
EndProject
Global
	GlobalSection(SolutionConfigurationPlatforms) = preSolution
		Debug|Any CPU = Debug|Any CPU
		Release|Any CPU = Release|Any CPU
	EndGlobalSection
	GlobalSection(ProjectConfigurationPlatforms) = postSolution
		{C9762C88-1DD4-4B10-95D4-0ACDF1819CFD}.Debug|Any CPU.ActiveCfg = Debug|Any CPU
		{C9762C88-1DD4-4B10-95D4-0ACDF1819CFD}.Debug|Any CPU.Build.0 = Debug|Any CPU
		{C9762C88-1DD4-4B10-95D4-0ACDF1819CFD}.Release|Any CPU.ActiveCfg = Release|Any CPU
		{C9762C88-1DD4-4B10-95D4-0ACDF1819CFD}.Release|Any CPU.Build.0 = Release|Any CPU
	EndGlobalSection
	GlobalSection(SolutionProperties) = preSolution
		HideSolutionNode = FALSE
	EndGlobalSection
EndGlobal
